
Microsoft Visual Studio Solution File, Format Version 12.00
# Visual Studio Version 16
VisualStudioVersion = 16.0.31515.178
MinimumVisualStudioVersion = 10.0.40219.1
Project("{FAE04EC0-301F-11D3-BF4B-00C04F79EFBC}") = "TweetFilter", "TweetFilter\TweetFilter.csproj", "{8AB0F452-7CEF-4C79-B276-062A5C0C1315}"
EndProject
Project("{FAE04EC0-301F-11D3-BF4B-00C04F79EFBC}") = "UserInterface", "UserInterface\UserInterface.csproj", "{A016E85D-5B47-45EA-AA02-8F1957B5CB53}"
EndProject
Global
	GlobalSection(SolutionConfigurationPlatforms) = preSolution
		Debug|Any CPU = Debug|Any CPU
		Release|Any CPU = Release|Any CPU
	EndGlobalSection
	GlobalSection(ProjectConfigurationPlatforms) = postSolution
		{8AB0F452-7CEF-4C79-B276-062A5C0C1315}.Debug|Any CPU.ActiveCfg = Debug|Any CPU
		{8AB0F452-7CEF-4C79-B276-062A5C0C1315}.Debug|Any CPU.Build.0 = Debug|Any CPU
		{8AB0F452-7CEF-4C79-B276-062A5C0C1315}.Release|Any CPU.ActiveCfg = Release|Any CPU
		{8AB0F452-7CEF-4C79-B276-062A5C0C1315}.Release|Any CPU.Build.0 = Release|Any CPU
		{A016E85D-5B47-45EA-AA02-8F1957B5CB53}.Debug|Any CPU.ActiveCfg = Debug|Any CPU
		{A016E85D-5B47-45EA-AA02-8F1957B5CB53}.Debug|Any CPU.Build.0 = Debug|Any CPU
		{A016E85D-5B47-45EA-AA02-8F1957B5CB53}.Release|Any CPU.ActiveCfg = Release|Any CPU
		{A016E85D-5B47-45EA-AA02-8F1957B5CB53}.Release|Any CPU.Build.0 = Release|Any CPU
	EndGlobalSection
	GlobalSection(SolutionProperties) = preSolution
		HideSolutionNode = FALSE
	EndGlobalSection
	GlobalSection(ExtensibilityGlobals) = postSolution
		SolutionGuid = {87CBB17D-7CED-46A0-9B58-594228FACAF2}
	EndGlobalSection
EndGlobal
